
Microsoft Visual Studio Solution File, Format Version 12.00
# Visual Studio Version 17
VisualStudioVersion = 17.7.34009.444
MinimumVisualStudioVersion = 10.0.40219.1
Project("{9A19103F-16F7-4668-BE54-9A1E7A4F7556}") = "Lesson1", "Lesson1\Lesson1.csproj", "{31DDE548-3F73-4BFE-A81F-9CFF53A83205}"
EndProject
Project("{FAE04EC0-301F-11D3-BF4B-00C04F79EFBC}") = "Exception", "Exception\Exception.csproj", "{93B6AD80-B991-46D1-9FA0-61A6EA7C264A}"
EndProject
Global
	GlobalSection(SolutionConfigurationPlatforms) = preSolution
		Debug|Any CPU = Debug|Any CPU
		Release|Any CPU = Release|Any CPU
	EndGlobalSection
	GlobalSection(ProjectConfigurationPlatforms) = postSolution
		{31DDE548-3F73-4BFE-A81F-9CFF53A83205}.Debug|Any CPU.ActiveCfg = Debug|Any CPU
		{31DDE548-3F73-4BFE-A81F-9CFF53A83205}.Debug|Any CPU.Build.0 = Debug|Any CPU
		{31DDE548-3F73-4BFE-A81F-9CFF53A83205}.Release|Any CPU.ActiveCfg = Release|Any CPU
		{31DDE548-3F73-4BFE-A81F-9CFF53A83205}.Release|Any CPU.Build.0 = Release|Any CPU
		{93B6AD80-B991-46D1-9FA0-61A6EA7C264A}.Debug|Any CPU.ActiveCfg = Debug|Any CPU
		{93B6AD80-B991-46D1-9FA0-61A6EA7C264A}.Debug|Any CPU.Build.0 = Debug|Any CPU
		{93B6AD80-B991-46D1-9FA0-61A6EA7C264A}.Release|Any CPU.ActiveCfg = Release|Any CPU
		{93B6AD80-B991-46D1-9FA0-61A6EA7C264A}.Release|Any CPU.Build.0 = Release|Any CPU
	EndGlobalSection
	GlobalSection(SolutionProperties) = preSolution
		HideSolutionNode = FALSE
	EndGlobalSection
	GlobalSection(ExtensibilityGlobals) = postSolution
		SolutionGuid = {FE171197-036E-4480-A598-98F459F40238}
	EndGlobalSection
EndGlobal
