
Microsoft Visual Studio Solution File, Format Version 12.00
# Visual Studio Version 17
VisualStudioVersion = 17.7.34024.191
MinimumVisualStudioVersion = 10.0.40219.1
Project("{FAE04EC0-301F-11D3-BF4B-00C04F79EFBC}") = "NwindMvc", "NwindMvc\NwindMvc.csproj", "{477C6475-8753-4706-B59F-1A82B317DA5A}"
EndProject
Global
	GlobalSection(SolutionConfigurationPlatforms) = preSolution
		Debug|Any CPU = Debug|Any CPU
		Release|Any CPU = Release|Any CPU
	EndGlobalSection
	GlobalSection(ProjectConfigurationPlatforms) = postSolution
		{477C6475-8753-4706-B59F-1A82B317DA5A}.Debug|Any CPU.ActiveCfg = Debug|Any CPU
		{477C6475-8753-4706-B59F-1A82B317DA5A}.Debug|Any CPU.Build.0 = Debug|Any CPU
		{477C6475-8753-4706-B59F-1A82B317DA5A}.Release|Any CPU.ActiveCfg = Release|Any CPU
		{477C6475-8753-4706-B59F-1A82B317DA5A}.Release|Any CPU.Build.0 = Release|Any CPU
	EndGlobalSection
	GlobalSection(SolutionProperties) = preSolution
		HideSolutionNode = FALSE
	EndGlobalSection
	GlobalSection(ExtensibilityGlobals) = postSolution
		SolutionGuid = {4BEE3AF5-5972-4096-B8F9-52D8D7346454}
	EndGlobalSection
EndGlobal
